
Microsoft Visual Studio Solution File, Format Version 12.00
# Visual Studio 15
VisualStudioVersion = 15.0.27130.2010
MinimumVisualStudioVersion = 10.0.40219.1
Project("{FAE04EC0-301F-11D3-BF4B-00C04F79EFBC}") = "HiddenMarkovModel", "HiddenMarkovModel\HiddenMarkovModel.csproj", "{951B49C2-079C-4A0A-B14E-4DAD5315A552}"
EndProject
Global
	GlobalSection(SolutionConfigurationPlatforms) = preSolution
		Debug|Any CPU = Debug|Any CPU
		Release|Any CPU = Release|Any CPU
	EndGlobalSection
	GlobalSection(ProjectConfigurationPlatforms) = postSolution
		{951B49C2-079C-4A0A-B14E-4DAD5315A552}.Debug|Any CPU.ActiveCfg = Debug|Any CPU
		{951B49C2-079C-4A0A-B14E-4DAD5315A552}.Debug|Any CPU.Build.0 = Debug|Any CPU
		{951B49C2-079C-4A0A-B14E-4DAD5315A552}.Release|Any CPU.ActiveCfg = Release|Any CPU
		{951B49C2-079C-4A0A-B14E-4DAD5315A552}.Release|Any CPU.Build.0 = Release|Any CPU
	EndGlobalSection
	GlobalSection(SolutionProperties) = preSolution
		HideSolutionNode = FALSE
	EndGlobalSection
	GlobalSection(ExtensibilityGlobals) = postSolution
		SolutionGuid = {DF30496D-2C3B-40F5-89F1-578BC7F358E2}
	EndGlobalSection
EndGlobal
